
Microsoft Visual Studio Solution File, Format Version 12.00
# Visual Studio Version 16
VisualStudioVersion = 16.0.29509.3
MinimumVisualStudioVersion = 10.0.40219.1
Project("{FAE04EC0-301F-11D3-BF4B-00C04F79EFBC}") = "Band_Song_Database_Web", "Band_Song_Database_Web.csproj", "{15F062C3-983B-4CEF-ACD8-12C80F81923A}"
EndProject
Global
	GlobalSection(SolutionConfigurationPlatforms) = preSolution
		Debug|Any CPU = Debug|Any CPU
		Release|Any CPU = Release|Any CPU
	EndGlobalSection
	GlobalSection(ProjectConfigurationPlatforms) = postSolution
		{15F062C3-983B-4CEF-ACD8-12C80F81923A}.Debug|Any CPU.ActiveCfg = Debug|Any CPU
		{15F062C3-983B-4CEF-ACD8-12C80F81923A}.Debug|Any CPU.Build.0 = Debug|Any CPU
		{15F062C3-983B-4CEF-ACD8-12C80F81923A}.Release|Any CPU.ActiveCfg = Release|Any CPU
		{15F062C3-983B-4CEF-ACD8-12C80F81923A}.Release|Any CPU.Build.0 = Release|Any CPU
	EndGlobalSection
	GlobalSection(SolutionProperties) = preSolution
		HideSolutionNode = FALSE
	EndGlobalSection
	GlobalSection(ExtensibilityGlobals) = postSolution
		SolutionGuid = {18269967-ADE1-45F2-806F-B02957CA42D0}
	EndGlobalSection
EndGlobal
